
Microsoft Visual Studio Solution File, Format Version 12.00
# Visual Studio Version 17
VisualStudioVersion = 17.5.33502.453
MinimumVisualStudioVersion = 10.0.40219.1
Project("{FAE04EC0-301F-11D3-BF4B-00C04F79EFBC}") = "CSharpPractice", "CSharpPractice\CSharpPractice.csproj", "{480DFA0F-5B66-4FE9-9207-8027A1F29700}"
EndProject
Global
	GlobalSection(SolutionConfigurationPlatforms) = preSolution
		Debug|Any CPU = Debug|Any CPU
		Release|Any CPU = Release|Any CPU
	EndGlobalSection
	GlobalSection(ProjectConfigurationPlatforms) = postSolution
		{480DFA0F-5B66-4FE9-9207-8027A1F29700}.Debug|Any CPU.ActiveCfg = Debug|Any CPU
		{480DFA0F-5B66-4FE9-9207-8027A1F29700}.Debug|Any CPU.Build.0 = Debug|Any CPU
		{480DFA0F-5B66-4FE9-9207-8027A1F29700}.Release|Any CPU.ActiveCfg = Release|Any CPU
		{480DFA0F-5B66-4FE9-9207-8027A1F29700}.Release|Any CPU.Build.0 = Release|Any CPU
	EndGlobalSection
	GlobalSection(SolutionProperties) = preSolution
		HideSolutionNode = FALSE
	EndGlobalSection
	GlobalSection(ExtensibilityGlobals) = postSolution
		SolutionGuid = {CEDD1B2C-DB2C-4675-B875-71D4656BDE90}
	EndGlobalSection
EndGlobal
